
Microsoft Visual Studio Solution File, Format Version 12.00
# Visual Studio Version 16
VisualStudioVersion = 16.0.31613.86
MinimumVisualStudioVersion = 10.0.40219.1
Project("{FAE04EC0-301F-11D3-BF4B-00C04F79EFBC}") = "StoreArtemis", "StoreArtemis\StoreArtemis.csproj", "{4FA07049-A0A1-4364-B9EE-F0D56EB46A97}"
EndProject
Global
	GlobalSection(SolutionConfigurationPlatforms) = preSolution
		Debug|Any CPU = Debug|Any CPU
		Release|Any CPU = Release|Any CPU
	EndGlobalSection
	GlobalSection(ProjectConfigurationPlatforms) = postSolution
		{4FA07049-A0A1-4364-B9EE-F0D56EB46A97}.Debug|Any CPU.ActiveCfg = Debug|Any CPU
		{4FA07049-A0A1-4364-B9EE-F0D56EB46A97}.Debug|Any CPU.Build.0 = Debug|Any CPU
		{4FA07049-A0A1-4364-B9EE-F0D56EB46A97}.Release|Any CPU.ActiveCfg = Release|Any CPU
		{4FA07049-A0A1-4364-B9EE-F0D56EB46A97}.Release|Any CPU.Build.0 = Release|Any CPU
	EndGlobalSection
	GlobalSection(SolutionProperties) = preSolution
		HideSolutionNode = FALSE
	EndGlobalSection
	GlobalSection(ExtensibilityGlobals) = postSolution
		SolutionGuid = {49E1E8A6-1DB3-40F2-AFF0-EE4D42543DA7}
	EndGlobalSection
EndGlobal
